
Microsoft Visual Studio Solution File, Format Version 12.00
# Visual Studio Version 17
VisualStudioVersion = 17.9.34728.123
MinimumVisualStudioVersion = 10.0.40219.1
Project("{FAE04EC0-301F-11D3-BF4B-00C04F79EFBC}") = "API", "API\API.csproj", "{C4257158-3291-4C65-8874-FC426A18D696}"
EndProject
Project("{FAE04EC0-301F-11D3-BF4B-00C04F79EFBC}") = "Core", "Core\Core.csproj", "{66BDA6A1-6253-488B-A66D-26C8F67EDDEC}"
EndProject
Project("{FAE04EC0-301F-11D3-BF4B-00C04F79EFBC}") = "Infrastructure", "Infrastructure\Infrastructure.csproj", "{1FEA2189-0CA6-4AAA-A5DF-125D2F4A485B}"
EndProject
Global
	GlobalSection(SolutionConfigurationPlatforms) = preSolution
		Debug|Any CPU = Debug|Any CPU
		Release|Any CPU = Release|Any CPU
	EndGlobalSection
	GlobalSection(ProjectConfigurationPlatforms) = postSolution
		{C4257158-3291-4C65-8874-FC426A18D696}.Debug|Any CPU.ActiveCfg = Debug|Any CPU
		{C4257158-3291-4C65-8874-FC426A18D696}.Debug|Any CPU.Build.0 = Debug|Any CPU
		{C4257158-3291-4C65-8874-FC426A18D696}.Release|Any CPU.ActiveCfg = Release|Any CPU
		{C4257158-3291-4C65-8874-FC426A18D696}.Release|Any CPU.Build.0 = Release|Any CPU
		{66BDA6A1-6253-488B-A66D-26C8F67EDDEC}.Debug|Any CPU.ActiveCfg = Debug|Any CPU
		{66BDA6A1-6253-488B-A66D-26C8F67EDDEC}.Debug|Any CPU.Build.0 = Debug|Any CPU
		{66BDA6A1-6253-488B-A66D-26C8F67EDDEC}.Release|Any CPU.ActiveCfg = Release|Any CPU
		{66BDA6A1-6253-488B-A66D-26C8F67EDDEC}.Release|Any CPU.Build.0 = Release|Any CPU
		{1FEA2189-0CA6-4AAA-A5DF-125D2F4A485B}.Debug|Any CPU.ActiveCfg = Debug|Any CPU
		{1FEA2189-0CA6-4AAA-A5DF-125D2F4A485B}.Debug|Any CPU.Build.0 = Debug|Any CPU
		{1FEA2189-0CA6-4AAA-A5DF-125D2F4A485B}.Release|Any CPU.ActiveCfg = Release|Any CPU
		{1FEA2189-0CA6-4AAA-A5DF-125D2F4A485B}.Release|Any CPU.Build.0 = Release|Any CPU
	EndGlobalSection
	GlobalSection(SolutionProperties) = preSolution
		HideSolutionNode = FALSE
	EndGlobalSection
	GlobalSection(ExtensibilityGlobals) = postSolution
		SolutionGuid = {D5AA9E02-5858-4B0F-B932-4B97C0ABBF39}
	EndGlobalSection
EndGlobal
